# THIS IS AN AUTOGENERATED FILE. DO NOT EDIT THIS FILE DIRECTLY.
# yarn lockfile v1


"@floating-ui/core@^1.4.2":
  version "1.5.0"
  resolved "https://registry.npmjs.org/@floating-ui/core/-/core-1.5.0.tgz#5c05c60d5ae2d05101c3021c1a2a350ddc027f8c"
  integrity sha512-kK1h4m36DQ0UHGj5Ah4db7R0rHemTqqO0QLvUqi1/mUUp3LuAWbWxdxSIf/XsnH9VS6rRVPLJCncjRzUvyCLXg==
  dependencies:
    "@floating-ui/utils" "^0.1.3"

"@floating-ui/dom@^1.5.1":
  version "1.5.3"
  resolved "https://registry.npmjs.org/@floating-ui/dom/-/dom-1.5.3.tgz#54e50efcb432c06c23cd33de2b575102005436fa"
  integrity sha512-ClAbQnEqJAKCJOEbbLo5IUlZHkNszqhuxS4fHAVxRPXPya6Ysf2G8KypnYcOTpx6I8xcgF9bbHb6g/2KpbV8qA==
  dependencies:
    "@floating-ui/core" "^1.4.2"
    "@floating-ui/utils" "^0.1.3"

"@floating-ui/react-dom@^2.0.2":
  version "2.0.2"
  resolved "https://registry.npmjs.org/@floating-ui/react-dom/-/react-dom-2.0.2.tgz#fab244d64db08e6bed7be4b5fcce65315ef44d20"
  integrity sha512-5qhlDvjaLmAst/rKb3VdlCinwTF4EYMiVxuuc/HVUjs46W0zgtbMmAZ1UTsDrRTxRmUEzl92mOtWbeeXL26lSQ==
  dependencies:
    "@floating-ui/dom" "^1.5.1"

"@floating-ui/react@^0.25.4":
  version "0.25.4"
  resolved "https://registry.npmjs.org/@floating-ui/react/-/react-0.25.4.tgz#82507e14460aee70f435ad2fd717ea182b6d5c61"
  integrity sha512-lWRQ/UiTvSIBxohn0/2HFHEmnmOVRjl7j6XcRJuLH0ls6f/9AyHMWVzkAJFuwx0n9gaEeCmg9VccCSCJzbEJig==
  dependencies:
    "@floating-ui/react-dom" "^2.0.2"
    "@floating-ui/utils" "^0.1.1"
    tabbable "^6.0.1"

"@floating-ui/utils@^0.1.1", "@floating-ui/utils@^0.1.3":
  version "0.1.4"
  resolved "https://registry.npmjs.org/@floating-ui/utils/-/utils-0.1.4.tgz#19654d1026cc410975d46445180e70a5089b3e7d"
  integrity sha512-qprfWkn82Iw821mcKofJ5Pk9wgioHicxcQMxx+5zt5GSKoqdWvgG5AxVmpmUUjzTLPVSH5auBrhI93Deayn/DA==

tabbable@^6.0.1:
  version "6.2.0"
  resolved "https://registry.npmjs.org/tabbable/-/tabbable-6.2.0.tgz#732fb62bc0175cfcec257330be187dcfba1f3b97"
  integrity sha512-Cat63mxsVJlzYvN51JmVXIgNoUokrIaT2zLclCXjRd8boZ0004U4KCs/sToJ75C6sdlByWxpYnb5Boif1VSFew==
